# THIS IS AN AUTOGENERATED FILE. DO NOT EDIT THIS FILE DIRECTLY.
# yarn lockfile v1


"@canale/emitter@^1.0.0":
  version "1.0.0"
  resolved "https://registry.yarnpkg.com/@canale/emitter/-/emitter-1.0.0.tgz#25b3acb5c1045c190bdc8f42b39bc1370514f23a"
  integrity sha512-FkFdAYpoWZn8cvVItBKilOQcPGx3LwckelEm82CGdpAIR+oEw8x57KxxY4HG2WKiZgjyYHFoiZ4UGjKD0UUwRQ==
  dependencies:
    lodash.isequal "^4.5.0"

"@canale/logger@^0.1.0":
  version "0.1.0"
  resolved "https://registry.yarnpkg.com/@canale/logger/-/logger-0.1.0.tgz#731633679e6ee7247d8a04d42fbc1e28c2ff3d17"
  integrity sha512-IkDFp9suKU7I8W5IySUy9pqxrczECNldy/CfRaeeQUQSctgWSWzBO7OC6lqJDGTjfNYFYAh8AgoxLpvOElbd9A==

"@types/node@*":
  version "13.9.0"
  resolved "https://registry.yarnpkg.com/@types/node/-/node-13.9.0.tgz#5b6ee7a77faacddd7de719017d0bc12f52f81589"
  integrity sha512-0ARSQootUG1RljH2HncpsY2TJBfGQIKOOi7kxzUY6z54ePu/ZD+wJA8zI2Q6v8rol2qpG/rvqsReco8zNMPvhQ==

"@types/uuid@^7.0.0":
  version "7.0.0"
  resolved "https://registry.yarnpkg.com/@types/uuid/-/uuid-7.0.0.tgz#9f6993ccc8210efa90bda7e1afabbb06a9f860cd"
  integrity sha512-RiX1I0lK9WFLFqy2xOxke396f0wKIzk5sAll0tL4J4XDYJXURI7JOs96XQb3nP+2gEpQ/LutBb66jgiT5oQshQ==

"@types/ws@^7.2.2":
  version "7.2.2"
  resolved "https://registry.yarnpkg.com/@types/ws/-/ws-7.2.2.tgz#1bd2038bc80aea60f8a20b2dcf08602a72e65063"
  integrity sha512-oqnI3DbGCVI9zJ/WHdFo3CUE8jQ8CVQDUIKaDtlTcNeT4zs6UCg9Gvk5QrFx2QPkRszpM6yc8o0p4aGjCsTi+w==
  dependencies:
    "@types/node" "*"

lodash.isequal@^4.5.0:
  version "4.5.0"
  resolved "https://registry.yarnpkg.com/lodash.isequal/-/lodash.isequal-4.5.0.tgz#415c4478f2bcc30120c22ce10ed3226f7d3e18e0"
  integrity sha1-QVxEePK8wwEgwizhDtMib30+GOA=

uuid@^7.0.2:
  version "7.0.2"
  resolved "https://registry.yarnpkg.com/uuid/-/uuid-7.0.2.tgz#7ff5c203467e91f5e0d85cfcbaaf7d2ebbca9be6"
  integrity sha512-vy9V/+pKG+5ZTYKf+VcphF5Oc6EFiu3W8Nv3P3zIh0EqVI80ZxOzuPfe9EHjkFNvf8+xuTHVeei4Drydlx4zjw==

ws@^7.2.2:
  version "7.2.2"
  resolved "https://registry.yarnpkg.com/ws/-/ws-7.2.2.tgz#36df62f68f0d1a6ec66d3f880a02476f3a81f24f"
  integrity sha512-2qj/tYkDPDSVf7JiHanwEBwkhxi7DchFewIsSnR33MQtG3O/BPAJjqs4g6XEuayuRqIExSQMHZlmyDLbuSrXYw==
